{
  "version": 4,
  "terraform_version": "1.9.8",
  "serial": 5,
  "lineage": "36729948-be68-d5c5-1edc-2f2802c6921a",
  "outputs": {
    "backend_ips": {
      "value": [
        "147.228.173.145"
      ],
      "type": [
        "tuple",
        [
          "string"
        ]
      ]
    },
    "load_balancer_ip": {
      "value": "147.228.173.142",
      "type": "string"
    }
  },
  "resources": [
    {
      "mode": "managed",
      "type": "local_file",
      "name": "ansible_inventory",
      "provider": "provider[\"registry.terraform.io/hashicorp/local\"]",
      "instances": [
        {
          "schema_version": 0,
          "attributes": {
            "content": "[load-balancer]\n147.228.173.142\n\n[backend]\n147.228.173.145\n\n[all:vars]\nansible_user=root\nansible_ssh_private_key_file=/var/iac-dev-container-data/id_ecdsa",
            "content_base64": null,
            "content_base64sha256": "GB8nJ4uxFHK2ucHvUyxtR6x7u0HEGkVwVxKF+n3eQVM=",
            "content_base64sha512": "EpKBW1Who+ChKyZa+oRS/972SPHqcXR7tKSSrnyvZAui5qts31STJ0isv5ql0yZhS5f8fHgoWHfEZ55/xp45ow==",
            "content_md5": "1cff17aee36eeddfbadff44b3fb1960e",
            "content_sha1": "b949a6f84c88c346ed9d8c6692d1f1ddb03748ee",
            "content_sha256": "181f27278bb11472b6b9c1ef532c6d47ac7bbb41c41a4570571285fa7dde4153",
            "content_sha512": "1292815b55a1a3e0a12b265afa8452ffdef648f1ea71747bb4a492ae7caf640ba2e6ab6cdf54932748acbf9aa5d326614b97fc7c78285877c4679e7fc69e39a3",
            "directory_permission": "0777",
            "file_permission": "0777",
            "filename": "ansible/inventory",
            "id": "b949a6f84c88c346ed9d8c6692d1f1ddb03748ee",
            "sensitive_content": null,
            "source": null
          },
          "sensitive_attributes": [
            [
              {
                "type": "get_attr",
                "value": "sensitive_content"
              }
            ]
          ],
          "dependencies": [
            "opennebula_virtual_machine.backend-node",
            "opennebula_virtual_machine.load-balancer"
          ]
        }
      ]
    },
    {
      "mode": "managed",
      "type": "local_file",
      "name": "nginx_config",
      "provider": "provider[\"registry.terraform.io/hashicorp/local\"]",
      "instances": [
        {
          "schema_version": 0,
          "attributes": {
            "content": "# NGINX Load Balancer Configuration\nworker_processes 1;\n\nevents {\n    worker_connections 1024;\n}\n\nhttp {\n    upstream backend_servers {\n                server 147.228.173.145;\n            }\n\n    server {\n        listen 80;\n        location / {\n            proxy_pass http://backend_servers;\n        }\n    }\n}",
            "content_base64": null,
            "content_base64sha256": "abmVSJ94ODpBY+Xbhp1CiScBoHaCUmJ9tGXdIXkuTyU=",
            "content_base64sha512": "i7sMBXF26cTpiUl9UMnRM+o8v00AOtKOJBnvOL7gKj7PJxQ1dIH1itQiNkSHTiLUZuHGwUNTXFfz9UobOztlLg==",
            "content_md5": "67f23cc598d734de91b6003b63a05c85",
            "content_sha1": "704d075a9405c19246b909674f76d3dce14aa661",
            "content_sha256": "69b995489f78383a4163e5db869d42892701a0768252627db465dd21792e4f25",
            "content_sha512": "8bbb0c057176e9c4e989497d50c9d133ea3cbf4d003ad28e2419ef38bee02a3ecf2714357481f58ad4223644874e22d466e1c6c143535c57f3f54a1b3b3b652e",
            "directory_permission": "0777",
            "file_permission": "0777",
            "filename": "ansible/roles/load_balancer/templates/nginx.conf.j2",
            "id": "704d075a9405c19246b909674f76d3dce14aa661",
            "sensitive_content": null,
            "source": null
          },
          "sensitive_attributes": [
            [
              {
                "type": "get_attr",
                "value": "sensitive_content"
              }
            ]
          ],
          "dependencies": [
            "opennebula_virtual_machine.backend-node"
          ]
        }
      ]
    },
    {
      "mode": "managed",
      "type": "opennebula_virtual_machine",
      "name": "backend-node",
      "provider": "provider[\"registry.terraform.io/opennebula/opennebula\"]",
      "instances": [
        {
          "index_key": 0,
          "schema_version": 0,
          "attributes": {
            "context": {
              "HOSTNAME": "$NAME",
              "NETWORK": "YES",
              "SSH_PUBLIC_KEY": "ecdsa-sha2-nistp521 AAAAE2VjZHNhLXNoYTItbmlzdHA1MjEAAAAIbmlzdHA1MjEAAACFBAGzxIR5qjjHJwpFYyPOWd4mPsHkSPt2nn6wWgVWvz31BGLQRQHCFE5TIls0Y1ZHPgoA8nfkRArsX5HrancBYuXlIQBA4NgMeQIv4flGehgYjVjbS5l/6pDZZMdjyG8aSBw7f0zMCk5xepGNGv06GmZ8UkLhYjYBZ++7ekqWLhsUr3if9g== root@1b998b9312b3"
            },
            "cpu": 1,
            "cpumodel": [],
            "default_tags": {},
            "description": "Backend Node",
            "disk": [
              {
                "cache": "",
                "computed_cache": "",
                "computed_dev_prefix": "sd",
                "computed_discard": "",
                "computed_driver": "raw",
                "computed_io": "",
                "computed_size": 12000,
                "computed_target": "vda",
                "computed_volatile_format": "raw",
                "dev_prefix": "",
                "discard": "",
                "disk_id": 0,
                "driver": "",
                "image_id": 687,
                "io": "",
                "size": 12000,
                "target": "vda",
                "volatile_format": "",
                "volatile_type": ""
              }
            ],
            "gid": 1,
            "gname": "users",
            "graphics": [
              {
                "keymap": "en-us",
                "listen": "0.0.0.0",
                "passwd": "",
                "port": "10805",
                "random_passwd": false,
                "type": "vnc"
              }
            ],
            "group": "users",
            "hard_shutdown": false,
            "id": "4905",
            "ip": "147.228.173.145",
            "keep_nic_order": null,
            "lcmstate": 3,
            "lock": null,
            "memory": 1024,
            "name": "backend-1",
            "nic": [
              {
                "computed_dns": "147.228.3.3",
                "computed_gateway": "147.228.173.1",
                "computed_ip": "147.228.173.145",
                "computed_mac": "52:54:00:17:30:91",
                "computed_method": "",
                "computed_model": "",
                "computed_physical_device": "bond1",
                "computed_security_groups": [],
                "computed_virtio_queues": "",
                "dns": "",
                "gateway": "",
                "ip": "",
                "mac": "",
                "method": "",
                "model": "",
                "network": "vlan173",
                "network_id": 3,
                "network_mode_auto": false,
                "nic_id": 0,
                "physical_device": "",
                "sched_rank": "",
                "sched_requirements": "",
                "security_groups": null,
                "virtio_queues": ""
              }
            ],
            "on_disk_change": "swap",
            "os": [
              {
                "arch": "x86_64",
                "boot": "disk0"
              }
            ],
            "pending": false,
            "permissions": "600",
            "raw": [],
            "sched_ds_requirements": "",
            "sched_requirements": "",
            "state": 3,
            "tags": null,
            "tags_all": {},
            "template_disk": [],
            "template_id": -1,
            "template_nic": [],
            "template_section": [],
            "template_section_names": {},
            "template_tags": {},
            "timeout": 20,
            "timeouts": null,
            "uid": 486,
            "uname": "vandl",
            "vcpu": 1,
            "vmgroup": null
          },
          "sensitive_attributes": [],
          "private": "eyJlMmJmYjczMC1lY2FhLTExZTYtOGY4OC0zNDM2M2JjN2M0YzAiOnsiY3JlYXRlIjoxMjAwMDAwMDAwMDAwLCJkZWxldGUiOjEyMDAwMDAwMDAwMDAsInVwZGF0ZSI6MTIwMDAwMDAwMDAwMH19"
        }
      ]
    },
    {
      "mode": "managed",
      "type": "opennebula_virtual_machine",
      "name": "load-balancer",
      "provider": "provider[\"registry.terraform.io/opennebula/opennebula\"]",
      "instances": [
        {
          "schema_version": 0,
          "attributes": {
            "context": {
              "HOSTNAME": "$NAME",
              "NETWORK": "YES",
              "SSH_PUBLIC_KEY": "ecdsa-sha2-nistp521 AAAAE2VjZHNhLXNoYTItbmlzdHA1MjEAAAAIbmlzdHA1MjEAAACFBAGzxIR5qjjHJwpFYyPOWd4mPsHkSPt2nn6wWgVWvz31BGLQRQHCFE5TIls0Y1ZHPgoA8nfkRArsX5HrancBYuXlIQBA4NgMeQIv4flGehgYjVjbS5l/6pDZZMdjyG8aSBw7f0zMCk5xepGNGv06GmZ8UkLhYjYBZ++7ekqWLhsUr3if9g== root@1b998b9312b3"
            },
            "cpu": 1,
            "cpumodel": [],
            "default_tags": {},
            "description": "NGINX Load Balancer",
            "disk": [
              {
                "cache": "",
                "computed_cache": "",
                "computed_dev_prefix": "sd",
                "computed_discard": "",
                "computed_driver": "raw",
                "computed_io": "",
                "computed_size": 12000,
                "computed_target": "vda",
                "computed_volatile_format": "raw",
                "dev_prefix": "",
                "discard": "",
                "disk_id": 0,
                "driver": "",
                "image_id": 687,
                "io": "",
                "size": 12000,
                "target": "vda",
                "volatile_format": "",
                "volatile_type": ""
              }
            ],
            "gid": 1,
            "gname": "users",
            "graphics": [],
            "group": "users",
            "hard_shutdown": false,
            "id": "4904",
            "ip": "147.228.173.142",
            "keep_nic_order": null,
            "lcmstate": 3,
            "lock": null,
            "memory": 1024,
            "name": "nginx-load-balancer",
            "nic": [
              {
                "computed_dns": "147.228.3.3",
                "computed_gateway": "147.228.173.1",
                "computed_ip": "147.228.173.142",
                "computed_mac": "52:54:00:17:30:8e",
                "computed_method": "",
                "computed_model": "",
                "computed_physical_device": "bond1",
                "computed_security_groups": [],
                "computed_virtio_queues": "",
                "dns": "",
                "gateway": "",
                "ip": "",
                "mac": "",
                "method": "",
                "model": "",
                "network": "vlan173",
                "network_id": 3,
                "network_mode_auto": false,
                "nic_id": 0,
                "physical_device": "",
                "sched_rank": "",
                "sched_requirements": "",
                "security_groups": null,
                "virtio_queues": ""
              }
            ],
            "on_disk_change": "swap",
            "os": [
              {
                "arch": "x86_64",
                "boot": "disk0"
              }
            ],
            "pending": false,
            "permissions": "600",
            "raw": [],
            "sched_ds_requirements": "",
            "sched_requirements": "",
            "state": 3,
            "tags": null,
            "tags_all": {},
            "template_disk": [],
            "template_id": -1,
            "template_nic": [],
            "template_section": [],
            "template_section_names": {},
            "template_tags": {},
            "timeout": 20,
            "timeouts": null,
            "uid": 486,
            "uname": "vandl",
            "vcpu": 1,
            "vmgroup": null
          },
          "sensitive_attributes": [],
          "private": "eyJlMmJmYjczMC1lY2FhLTExZTYtOGY4OC0zNDM2M2JjN2M0YzAiOnsiY3JlYXRlIjoxMjAwMDAwMDAwMDAwLCJkZWxldGUiOjEyMDAwMDAwMDAwMDAsInVwZGF0ZSI6MTIwMDAwMDAwMDAwMH19"
        }
      ]
    }
  ],
  "check_results": null
}
