{
  "version": 4,
  "terraform_version": "1.9.7",
  "serial": 113,
  "lineage": "36729948-be68-d5c5-1edc-2f2802c6921a",
  "outputs": {
    "backend_ips": {
      "value": [
        "147.228.173.142",
        "147.228.173.145"
      ],
      "type": [
        "tuple",
        [
          "string",
          "string"
        ]
      ]
    },
    "load_balancer_ip": {
      "value": "147.228.173.178",
      "type": "string"
    }
  },
  "resources": [
    {
      "mode": "managed",
      "type": "local_file",
      "name": "ansible_inventory",
      "provider": "provider[\"registry.terraform.io/hashicorp/local\"]",
      "instances": [
        {
          "schema_version": 0,
          "attributes": {
            "content": "[load_balancer]\n147.228.173.178\n\n[backends]\n147.228.173.142\n147.228.173.145\n\n[all:vars]\nansible_user=root\nansible_ssh_private_key_file=/var/iac-dev-container-data/id_ecdsa",
            "content_base64": null,
            "content_base64sha256": "j2MY/GJyIZwVZ4b5bwj5vJmZNMVQXEiB7rF5tX+8Ptw=",
            "content_base64sha512": "J7V0jhybntWkslJ7oMBGtSV55ZWTKfpU2t/9Nbst3kCF3+ARimZGvEJ1sXLMpLFrJYuSj+CactXEI6ERTPm+lw==",
            "content_md5": "25702aac3d9fdfc37ea9e6d97a66b951",
            "content_sha1": "6503203fab9699f979311f09b4d977a4f8d9f2d0",
            "content_sha256": "8f6318fc6272219c156786f96f08f9bc999934c5505c4881eeb179b57fbc3edc",
            "content_sha512": "27b5748e1c9b9ed5a4b2527ba0c046b52579e5959329fa54dadffd35bb2dde4085dfe0118a6646bc4275b172cca4b16b258b928fe09a72d5c423a1114cf9be97",
            "directory_permission": "0777",
            "file_permission": "0777",
            "filename": "ansible/inventory",
            "id": "6503203fab9699f979311f09b4d977a4f8d9f2d0",
            "sensitive_content": null,
            "source": null
          },
          "sensitive_attributes": [
            [
              {
                "type": "get_attr",
                "value": "sensitive_content"
              }
            ]
          ],
          "dependencies": [
            "opennebula_virtual_machine.backend-node",
            "opennebula_virtual_machine.load-balancer"
          ]
        }
      ]
    },
    {
      "mode": "managed",
      "type": "local_file",
      "name": "apache_config",
      "provider": "provider[\"registry.terraform.io/hashicorp/local\"]",
      "instances": [
        {
          "schema_version": 0,
          "attributes": {
            "content": "\u003cProxy \"balancer://mycluster\"\u003e\n        BalancerMember http://147.228.173.142:80\n        BalancerMember http://147.228.173.145:80\n        ProxySet lbmethod=byrequests\n\u003c/Proxy\u003e\n\n\u003cVirtualHost *:80\u003e\n    ProxyPass \"/balancer-manager\" \"balancer://mycluster/\"\n    ProxyPassReverse \"/balancer-manager\" \"balancer://mycluster/\"\n    ProxyPass \"/\" \"balancer://mycluster/\"\n    ProxyPassReverse \"/\" \"balancer://mycluster/\"\n\u003c/VirtualHost\u003e\n",
            "content_base64": null,
            "content_base64sha256": "xn0WtPK2twgQmvRqaDDUL/DovR9kFZLyM2A8fYrqhuk=",
            "content_base64sha512": "1nnjP9F7D18Wn1BxsuFEzZZozw5S7TvGoWmRYG3vguAkw70VfHxIrRdVqq9bn5BSqEPJqx0UnOmV9IPv5qLPrg==",
            "content_md5": "6d78538ee2745ca1764193b1b624200c",
            "content_sha1": "4bf42342c0dcc2c1d0307c72e69887f022037d76",
            "content_sha256": "c67d16b4f2b6b708109af46a6830d42ff0e8bd1f641592f233603c7d8aea86e9",
            "content_sha512": "d679e33fd17b0f5f169f5071b2e144cd9668cf0e52ed3bc6a16991606def82e024c3bd157c7c48ad1755aaaf5b9f9052a843c9ab1d149ce995f483efe6a2cfae",
            "directory_permission": "0777",
            "file_permission": "0777",
            "filename": "ansible/roles/load_balancer/templates/apache",
            "id": "4bf42342c0dcc2c1d0307c72e69887f022037d76",
            "sensitive_content": null,
            "source": null
          },
          "sensitive_attributes": [
            [
              {
                "type": "get_attr",
                "value": "sensitive_content"
              }
            ]
          ],
          "dependencies": [
            "opennebula_virtual_machine.backend-node"
          ]
        }
      ]
    },
    {
      "mode": "managed",
      "type": "opennebula_virtual_machine",
      "name": "backend-node",
      "provider": "provider[\"registry.terraform.io/opennebula/opennebula\"]",
      "instances": [
        {
          "index_key": 0,
          "schema_version": 0,
          "attributes": {
            "context": {
              "HOSTNAME": "$NAME",
              "NETWORK": "YES",
              "SSH_PUBLIC_KEY": "ecdsa-sha2-nistp521 AAAAE2VjZHNhLXNoYTItbmlzdHA1MjEAAAAIbmlzdHA1MjEAAACFBAE0FXwXoybNozcCBPiXNavs5YaP+uXeegZYYCnXtgjXqbTTeiWfp4gOoemm8QChXGDabYDZLw6CpKW4Q/RUOycgWgDaThj7z6J52nRPQAc6vQan1mmGRyN0DEfSx3BVe6dimZjKbuHrME7OfA3gi4KzJMJ2+u3CyS6ZrzyEXkzMQdhwnw== root@599d9fcd17b2"
            },
            "cpu": 1,
            "cpumodel": [],
            "default_tags": {},
            "description": "Backend Node",
            "disk": [
              {
                "cache": "",
                "computed_cache": "",
                "computed_dev_prefix": "sd",
                "computed_discard": "",
                "computed_driver": "raw",
                "computed_io": "",
                "computed_size": 12000,
                "computed_target": "vda",
                "computed_volatile_format": "raw",
                "dev_prefix": "",
                "discard": "",
                "disk_id": 0,
                "driver": "",
                "image_id": 687,
                "io": "",
                "size": 12000,
                "target": "vda",
                "volatile_format": "",
                "volatile_type": ""
              }
            ],
            "gid": 1,
            "gname": "users",
            "graphics": [
              {
                "keymap": "en-us",
                "listen": "0.0.0.0",
                "passwd": "",
                "port": "10866",
                "random_passwd": false,
                "type": "vnc"
              }
            ],
            "group": "users",
            "hard_shutdown": false,
            "id": "4966",
            "ip": "147.228.173.142",
            "keep_nic_order": null,
            "lcmstate": 3,
            "lock": null,
            "memory": 1024,
            "name": "backend-1",
            "nic": [
              {
                "computed_dns": "147.228.3.3",
                "computed_gateway": "147.228.173.1",
                "computed_ip": "147.228.173.142",
                "computed_mac": "52:54:00:17:30:8e",
                "computed_method": "",
                "computed_model": "",
                "computed_physical_device": "bond1",
                "computed_security_groups": [],
                "computed_virtio_queues": "",
                "dns": "",
                "gateway": "",
                "ip": "",
                "mac": "",
                "method": "",
                "model": "",
                "network": "vlan173",
                "network_id": 3,
                "network_mode_auto": false,
                "nic_id": 0,
                "physical_device": "",
                "sched_rank": "",
                "sched_requirements": "",
                "security_groups": null,
                "virtio_queues": ""
              }
            ],
            "on_disk_change": "swap",
            "os": [
              {
                "arch": "x86_64",
                "boot": "disk0"
              }
            ],
            "pending": false,
            "permissions": "600",
            "raw": [],
            "sched_ds_requirements": "",
            "sched_requirements": "",
            "state": 3,
            "tags": null,
            "tags_all": {},
            "template_disk": [],
            "template_id": -1,
            "template_nic": [],
            "template_section": [],
            "template_section_names": {},
            "template_tags": {},
            "timeout": 20,
            "timeouts": null,
            "uid": 486,
            "uname": "vandl",
            "vcpu": 1,
            "vmgroup": null
          },
          "sensitive_attributes": [],
          "private": "eyJlMmJmYjczMC1lY2FhLTExZTYtOGY4OC0zNDM2M2JjN2M0YzAiOnsiY3JlYXRlIjoxMjAwMDAwMDAwMDAwLCJkZWxldGUiOjEyMDAwMDAwMDAwMDAsInVwZGF0ZSI6MTIwMDAwMDAwMDAwMH19"
        },
        {
          "index_key": 1,
          "schema_version": 0,
          "attributes": {
            "context": {
              "HOSTNAME": "$NAME",
              "NETWORK": "YES",
              "SSH_PUBLIC_KEY": "ecdsa-sha2-nistp521 AAAAE2VjZHNhLXNoYTItbmlzdHA1MjEAAAAIbmlzdHA1MjEAAACFBAE0FXwXoybNozcCBPiXNavs5YaP+uXeegZYYCnXtgjXqbTTeiWfp4gOoemm8QChXGDabYDZLw6CpKW4Q/RUOycgWgDaThj7z6J52nRPQAc6vQan1mmGRyN0DEfSx3BVe6dimZjKbuHrME7OfA3gi4KzJMJ2+u3CyS6ZrzyEXkzMQdhwnw== root@599d9fcd17b2"
            },
            "cpu": 1,
            "cpumodel": [],
            "default_tags": {},
            "description": "Backend Node",
            "disk": [
              {
                "cache": "",
                "computed_cache": "",
                "computed_dev_prefix": "sd",
                "computed_discard": "",
                "computed_driver": "raw",
                "computed_io": "",
                "computed_size": 12000,
                "computed_target": "vda",
                "computed_volatile_format": "raw",
                "dev_prefix": "",
                "discard": "",
                "disk_id": 0,
                "driver": "",
                "image_id": 687,
                "io": "",
                "size": 12000,
                "target": "vda",
                "volatile_format": "",
                "volatile_type": ""
              }
            ],
            "gid": 1,
            "gname": "users",
            "graphics": [
              {
                "keymap": "en-us",
                "listen": "0.0.0.0",
                "passwd": "",
                "port": "10867",
                "random_passwd": false,
                "type": "vnc"
              }
            ],
            "group": "users",
            "hard_shutdown": false,
            "id": "4967",
            "ip": "147.228.173.145",
            "keep_nic_order": null,
            "lcmstate": 3,
            "lock": null,
            "memory": 1024,
            "name": "backend-2",
            "nic": [
              {
                "computed_dns": "147.228.3.3",
                "computed_gateway": "147.228.173.1",
                "computed_ip": "147.228.173.145",
                "computed_mac": "52:54:00:17:30:91",
                "computed_method": "",
                "computed_model": "",
                "computed_physical_device": "bond1",
                "computed_security_groups": [],
                "computed_virtio_queues": "",
                "dns": "",
                "gateway": "",
                "ip": "",
                "mac": "",
                "method": "",
                "model": "",
                "network": "vlan173",
                "network_id": 3,
                "network_mode_auto": false,
                "nic_id": 0,
                "physical_device": "",
                "sched_rank": "",
                "sched_requirements": "",
                "security_groups": null,
                "virtio_queues": ""
              }
            ],
            "on_disk_change": "swap",
            "os": [
              {
                "arch": "x86_64",
                "boot": "disk0"
              }
            ],
            "pending": false,
            "permissions": "600",
            "raw": [],
            "sched_ds_requirements": "",
            "sched_requirements": "",
            "state": 3,
            "tags": null,
            "tags_all": {},
            "template_disk": [],
            "template_id": -1,
            "template_nic": [],
            "template_section": [],
            "template_section_names": {},
            "template_tags": {},
            "timeout": 20,
            "timeouts": null,
            "uid": 486,
            "uname": "vandl",
            "vcpu": 1,
            "vmgroup": null
          },
          "sensitive_attributes": [],
          "private": "eyJlMmJmYjczMC1lY2FhLTExZTYtOGY4OC0zNDM2M2JjN2M0YzAiOnsiY3JlYXRlIjoxMjAwMDAwMDAwMDAwLCJkZWxldGUiOjEyMDAwMDAwMDAwMDAsInVwZGF0ZSI6MTIwMDAwMDAwMDAwMH19"
        }
      ]
    },
    {
      "mode": "managed",
      "type": "opennebula_virtual_machine",
      "name": "load-balancer",
      "provider": "provider[\"registry.terraform.io/opennebula/opennebula\"]",
      "instances": [
        {
          "schema_version": 0,
          "attributes": {
            "context": {
              "HOSTNAME": "$NAME",
              "NETWORK": "YES",
              "SSH_PUBLIC_KEY": "ecdsa-sha2-nistp521 AAAAE2VjZHNhLXNoYTItbmlzdHA1MjEAAAAIbmlzdHA1MjEAAACFBAE0FXwXoybNozcCBPiXNavs5YaP+uXeegZYYCnXtgjXqbTTeiWfp4gOoemm8QChXGDabYDZLw6CpKW4Q/RUOycgWgDaThj7z6J52nRPQAc6vQan1mmGRyN0DEfSx3BVe6dimZjKbuHrME7OfA3gi4KzJMJ2+u3CyS6ZrzyEXkzMQdhwnw== root@599d9fcd17b2"
            },
            "cpu": 1,
            "cpumodel": [],
            "default_tags": {},
            "description": "NGINX Load Balancer",
            "disk": [
              {
                "cache": "",
                "computed_cache": "",
                "computed_dev_prefix": "sd",
                "computed_discard": "",
                "computed_driver": "raw",
                "computed_io": "",
                "computed_size": 12000,
                "computed_target": "vda",
                "computed_volatile_format": "raw",
                "dev_prefix": "",
                "discard": "",
                "disk_id": 0,
                "driver": "",
                "image_id": 687,
                "io": "",
                "size": 12000,
                "target": "vda",
                "volatile_format": "",
                "volatile_type": ""
              }
            ],
            "gid": 1,
            "gname": "users",
            "graphics": [],
            "group": "users",
            "hard_shutdown": false,
            "id": "4968",
            "ip": "147.228.173.178",
            "keep_nic_order": null,
            "lcmstate": 3,
            "lock": null,
            "memory": 1024,
            "name": "nginx-load-balancer",
            "nic": [
              {
                "computed_dns": "147.228.3.3",
                "computed_gateway": "147.228.173.1",
                "computed_ip": "147.228.173.178",
                "computed_mac": "52:54:00:17:30:b2",
                "computed_method": "",
                "computed_model": "",
                "computed_physical_device": "bond1",
                "computed_security_groups": [],
                "computed_virtio_queues": "",
                "dns": "",
                "gateway": "",
                "ip": "",
                "mac": "",
                "method": "",
                "model": "",
                "network": "vlan173",
                "network_id": 3,
                "network_mode_auto": false,
                "nic_id": 0,
                "physical_device": "",
                "sched_rank": "",
                "sched_requirements": "",
                "security_groups": null,
                "virtio_queues": ""
              }
            ],
            "on_disk_change": "swap",
            "os": [
              {
                "arch": "x86_64",
                "boot": "disk0"
              }
            ],
            "pending": false,
            "permissions": "600",
            "raw": [],
            "sched_ds_requirements": "",
            "sched_requirements": "",
            "state": 3,
            "tags": null,
            "tags_all": {},
            "template_disk": [],
            "template_id": -1,
            "template_nic": [],
            "template_section": [],
            "template_section_names": {},
            "template_tags": {},
            "timeout": 20,
            "timeouts": null,
            "uid": 486,
            "uname": "vandl",
            "vcpu": 1,
            "vmgroup": null
          },
          "sensitive_attributes": [],
          "private": "eyJlMmJmYjczMC1lY2FhLTExZTYtOGY4OC0zNDM2M2JjN2M0YzAiOnsiY3JlYXRlIjoxMjAwMDAwMDAwMDAwLCJkZWxldGUiOjEyMDAwMDAwMDAwMDAsInVwZGF0ZSI6MTIwMDAwMDAwMDAwMH19"
        }
      ]
    }
  ],
  "check_results": null
}
