{
  "version": 4,
  "terraform_version": "1.9.7",
  "serial": 121,
  "lineage": "36729948-be68-d5c5-1edc-2f2802c6921a",
  "outputs": {
    "backend_ips": {
      "value": [
        "147.228.173.178",
        "147.228.173.145"
      ],
      "type": [
        "tuple",
        [
          "string",
          "string"
        ]
      ]
    },
    "load_balancer_ip": {
      "value": "147.228.173.142",
      "type": "string"
    }
  },
  "resources": [
    {
      "mode": "managed",
      "type": "local_file",
      "name": "ansible_inventory",
      "provider": "provider[\"registry.terraform.io/hashicorp/local\"]",
      "instances": [
        {
          "schema_version": 0,
          "attributes": {
            "content": "[load_balancer]\n147.228.173.142\n\n[backends]\n147.228.173.178\n147.228.173.145\n\n[all:vars]\nansible_user=root\nansible_ssh_private_key_file=id_ecdsa\nansible_ssh_common_args='-o StrictHostKeyChecking=no -o UserKnownHostsFile=/dev/null'",
            "content_base64": null,
            "content_base64sha256": "mm0HYJNncskpgBkJKErf/PNht60Z3BgDtuNWxzmCvZY=",
            "content_base64sha512": "9GGZn5Z4lsdUKDBkznqfv8255T4knztlpLeiXwVCthOrIhBM148cVCK9p46Ypk3zNwr6zd1CTLbRnZgjrlCtKQ==",
            "content_md5": "14a5376e00945832b87c141e12bd5d74",
            "content_sha1": "9a44d0ac346cc8f69685fe6925677e68e1a37368",
            "content_sha256": "9a6d0760936772c929801909284adffcf361b7ad19dc1803b6e356c73982bd96",
            "content_sha512": "f461999f967896c754283064ce7a9fbfcdb9e53e249f3b65a4b7a25f0542b613ab22104cd78f1c5422bda78e98a64df3370afacddd424cb6d19d9823ae50ad29",
            "directory_permission": "0777",
            "file_permission": "0777",
            "filename": "ansible/inventory",
            "id": "9a44d0ac346cc8f69685fe6925677e68e1a37368",
            "sensitive_content": null,
            "source": null
          },
          "sensitive_attributes": [
            [
              {
                "type": "get_attr",
                "value": "sensitive_content"
              }
            ]
          ],
          "dependencies": [
            "opennebula_virtual_machine.backend-node",
            "opennebula_virtual_machine.load-balancer"
          ]
        }
      ]
    },
    {
      "mode": "managed",
      "type": "local_file",
      "name": "apache_config",
      "provider": "provider[\"registry.terraform.io/hashicorp/local\"]",
      "instances": [
        {
          "schema_version": 0,
          "attributes": {
            "content": "\u003cProxy \"balancer://mycluster\"\u003e\n        BalancerMember http://147.228.173.178:80\n        BalancerMember http://147.228.173.145:80\n        ProxySet lbmethod=byrequests\n\u003c/Proxy\u003e\n\n\u003cVirtualHost *:80\u003e\n    ProxyPass \"/balancer-manager\" \"balancer://mycluster/\"\n    ProxyPassReverse \"/balancer-manager\" \"balancer://mycluster/\"\n    ProxyPass \"/\" \"balancer://mycluster/\"\n    ProxyPassReverse \"/\" \"balancer://mycluster/\"\n\u003c/VirtualHost\u003e\n",
            "content_base64": null,
            "content_base64sha256": "y4RS0+AzXzgSW1kg9KNW1ScmhErpgpbwPxiis4vBIEw=",
            "content_base64sha512": "UTxyX4jrXGMr4flMg6gmMypBmXT/BvbuhMueOXnpgNFbq0fKoyTnogP88LzXzx6PF82KvPpFqfhOUiA1AYt2NQ==",
            "content_md5": "37cf3a8e20fb64299a14e5c6f4a5533d",
            "content_sha1": "e02ee2adb6054c60282ac410ca8fc51d3d58654d",
            "content_sha256": "cb8452d3e0335f38125b5920f4a356d52726844ae98296f03f18a2b38bc1204c",
            "content_sha512": "513c725f88eb5c632be1f94c83a826332a419974ff06f6ee84cb9e3979e980d15bab47caa324e7a203fcf0bcd7cf1e8f17cd8abcfa45a9f84e522035018b7635",
            "directory_permission": "0777",
            "file_permission": "0777",
            "filename": "ansible/roles/load_balancer/templates/apache",
            "id": "e02ee2adb6054c60282ac410ca8fc51d3d58654d",
            "sensitive_content": null,
            "source": null
          },
          "sensitive_attributes": [
            [
              {
                "type": "get_attr",
                "value": "sensitive_content"
              }
            ]
          ],
          "dependencies": [
            "opennebula_virtual_machine.backend-node"
          ]
        }
      ]
    },
    {
      "mode": "managed",
      "type": "opennebula_virtual_machine",
      "name": "backend-node",
      "provider": "provider[\"registry.terraform.io/opennebula/opennebula\"]",
      "instances": [
        {
          "index_key": 0,
          "schema_version": 0,
          "attributes": {
            "context": {
              "HOSTNAME": "$NAME",
              "NETWORK": "YES",
              "SSH_PUBLIC_KEY": "ecdsa-sha2-nistp521 AAAAE2VjZHNhLXNoYTItbmlzdHA1MjEAAAAIbmlzdHA1MjEAAACFBAE0FXwXoybNozcCBPiXNavs5YaP+uXeegZYYCnXtgjXqbTTeiWfp4gOoemm8QChXGDabYDZLw6CpKW4Q/RUOycgWgDaThj7z6J52nRPQAc6vQan1mmGRyN0DEfSx3BVe6dimZjKbuHrME7OfA3gi4KzJMJ2+u3CyS6ZrzyEXkzMQdhwnw== root@599d9fcd17b2"
            },
            "cpu": 1,
            "cpumodel": [],
            "default_tags": {},
            "description": "Backend Node",
            "disk": [
              {
                "cache": "",
                "computed_cache": "",
                "computed_dev_prefix": "sd",
                "computed_discard": "",
                "computed_driver": "raw",
                "computed_io": "",
                "computed_size": 12000,
                "computed_target": "vda",
                "computed_volatile_format": "raw",
                "dev_prefix": "",
                "discard": "",
                "disk_id": 0,
                "driver": "",
                "image_id": 687,
                "io": "",
                "size": 12000,
                "target": "vda",
                "volatile_format": "",
                "volatile_type": ""
              }
            ],
            "gid": 1,
            "gname": "users",
            "graphics": [
              {
                "keymap": "en-us",
                "listen": "0.0.0.0",
                "passwd": "",
                "port": "10886",
                "random_passwd": false,
                "type": "vnc"
              }
            ],
            "group": "users",
            "hard_shutdown": false,
            "id": "4986",
            "ip": "147.228.173.178",
            "keep_nic_order": null,
            "lcmstate": 3,
            "lock": null,
            "memory": 1024,
            "name": "backend-1",
            "nic": [
              {
                "computed_dns": "147.228.3.3",
                "computed_gateway": "147.228.173.1",
                "computed_ip": "147.228.173.178",
                "computed_mac": "52:54:00:17:30:b2",
                "computed_method": "",
                "computed_model": "",
                "computed_physical_device": "bond1",
                "computed_security_groups": [],
                "computed_virtio_queues": "",
                "dns": "",
                "gateway": "",
                "ip": "",
                "mac": "",
                "method": "",
                "model": "",
                "network": "vlan173",
                "network_id": 3,
                "network_mode_auto": false,
                "nic_id": 0,
                "physical_device": "",
                "sched_rank": "",
                "sched_requirements": "",
                "security_groups": null,
                "virtio_queues": ""
              }
            ],
            "on_disk_change": "swap",
            "os": [
              {
                "arch": "x86_64",
                "boot": "disk0"
              }
            ],
            "pending": false,
            "permissions": "600",
            "raw": [],
            "sched_ds_requirements": "",
            "sched_requirements": "",
            "state": 3,
            "tags": null,
            "tags_all": {},
            "template_disk": [],
            "template_id": -1,
            "template_nic": [],
            "template_section": [],
            "template_section_names": {},
            "template_tags": {},
            "timeout": 20,
            "timeouts": null,
            "uid": 486,
            "uname": "vandl",
            "vcpu": 1,
            "vmgroup": null
          },
          "sensitive_attributes": [],
          "private": "eyJlMmJmYjczMC1lY2FhLTExZTYtOGY4OC0zNDM2M2JjN2M0YzAiOnsiY3JlYXRlIjoxMjAwMDAwMDAwMDAwLCJkZWxldGUiOjEyMDAwMDAwMDAwMDAsInVwZGF0ZSI6MTIwMDAwMDAwMDAwMH19"
        },
        {
          "index_key": 1,
          "schema_version": 0,
          "attributes": {
            "context": {
              "HOSTNAME": "$NAME",
              "NETWORK": "YES",
              "SSH_PUBLIC_KEY": "ecdsa-sha2-nistp521 AAAAE2VjZHNhLXNoYTItbmlzdHA1MjEAAAAIbmlzdHA1MjEAAACFBAE0FXwXoybNozcCBPiXNavs5YaP+uXeegZYYCnXtgjXqbTTeiWfp4gOoemm8QChXGDabYDZLw6CpKW4Q/RUOycgWgDaThj7z6J52nRPQAc6vQan1mmGRyN0DEfSx3BVe6dimZjKbuHrME7OfA3gi4KzJMJ2+u3CyS6ZrzyEXkzMQdhwnw== root@599d9fcd17b2"
            },
            "cpu": 1,
            "cpumodel": [],
            "default_tags": {},
            "description": "Backend Node",
            "disk": [
              {
                "cache": "",
                "computed_cache": "",
                "computed_dev_prefix": "sd",
                "computed_discard": "",
                "computed_driver": "raw",
                "computed_io": "",
                "computed_size": 12000,
                "computed_target": "vda",
                "computed_volatile_format": "raw",
                "dev_prefix": "",
                "discard": "",
                "disk_id": 0,
                "driver": "",
                "image_id": 687,
                "io": "",
                "size": 12000,
                "target": "vda",
                "volatile_format": "",
                "volatile_type": ""
              }
            ],
            "gid": 1,
            "gname": "users",
            "graphics": [
              {
                "keymap": "en-us",
                "listen": "0.0.0.0",
                "passwd": "",
                "port": "10885",
                "random_passwd": false,
                "type": "vnc"
              }
            ],
            "group": "users",
            "hard_shutdown": false,
            "id": "4985",
            "ip": "147.228.173.145",
            "keep_nic_order": null,
            "lcmstate": 3,
            "lock": null,
            "memory": 1024,
            "name": "backend-2",
            "nic": [
              {
                "computed_dns": "147.228.3.3",
                "computed_gateway": "147.228.173.1",
                "computed_ip": "147.228.173.145",
                "computed_mac": "52:54:00:17:30:91",
                "computed_method": "",
                "computed_model": "",
                "computed_physical_device": "bond1",
                "computed_security_groups": [],
                "computed_virtio_queues": "",
                "dns": "",
                "gateway": "",
                "ip": "",
                "mac": "",
                "method": "",
                "model": "",
                "network": "vlan173",
                "network_id": 3,
                "network_mode_auto": false,
                "nic_id": 0,
                "physical_device": "",
                "sched_rank": "",
                "sched_requirements": "",
                "security_groups": null,
                "virtio_queues": ""
              }
            ],
            "on_disk_change": "swap",
            "os": [
              {
                "arch": "x86_64",
                "boot": "disk0"
              }
            ],
            "pending": false,
            "permissions": "600",
            "raw": [],
            "sched_ds_requirements": "",
            "sched_requirements": "",
            "state": 3,
            "tags": null,
            "tags_all": {},
            "template_disk": [],
            "template_id": -1,
            "template_nic": [],
            "template_section": [],
            "template_section_names": {},
            "template_tags": {},
            "timeout": 20,
            "timeouts": null,
            "uid": 486,
            "uname": "vandl",
            "vcpu": 1,
            "vmgroup": null
          },
          "sensitive_attributes": [],
          "private": "eyJlMmJmYjczMC1lY2FhLTExZTYtOGY4OC0zNDM2M2JjN2M0YzAiOnsiY3JlYXRlIjoxMjAwMDAwMDAwMDAwLCJkZWxldGUiOjEyMDAwMDAwMDAwMDAsInVwZGF0ZSI6MTIwMDAwMDAwMDAwMH19"
        }
      ]
    },
    {
      "mode": "managed",
      "type": "opennebula_virtual_machine",
      "name": "load-balancer",
      "provider": "provider[\"registry.terraform.io/opennebula/opennebula\"]",
      "instances": [
        {
          "schema_version": 0,
          "attributes": {
            "context": {
              "HOSTNAME": "$NAME",
              "NETWORK": "YES",
              "SSH_PUBLIC_KEY": "ecdsa-sha2-nistp521 AAAAE2VjZHNhLXNoYTItbmlzdHA1MjEAAAAIbmlzdHA1MjEAAACFBAE0FXwXoybNozcCBPiXNavs5YaP+uXeegZYYCnXtgjXqbTTeiWfp4gOoemm8QChXGDabYDZLw6CpKW4Q/RUOycgWgDaThj7z6J52nRPQAc6vQan1mmGRyN0DEfSx3BVe6dimZjKbuHrME7OfA3gi4KzJMJ2+u3CyS6ZrzyEXkzMQdhwnw== root@599d9fcd17b2"
            },
            "cpu": 1,
            "cpumodel": [],
            "default_tags": {},
            "description": "NGINX Load Balancer",
            "disk": [
              {
                "cache": "",
                "computed_cache": "",
                "computed_dev_prefix": "sd",
                "computed_discard": "",
                "computed_driver": "raw",
                "computed_io": "",
                "computed_size": 12000,
                "computed_target": "vda",
                "computed_volatile_format": "raw",
                "dev_prefix": "",
                "discard": "",
                "disk_id": 0,
                "driver": "",
                "image_id": 687,
                "io": "",
                "size": 12000,
                "target": "vda",
                "volatile_format": "",
                "volatile_type": ""
              }
            ],
            "gid": 1,
            "gname": "users",
            "graphics": [],
            "group": "users",
            "hard_shutdown": false,
            "id": "4984",
            "ip": "147.228.173.142",
            "keep_nic_order": null,
            "lcmstate": 3,
            "lock": null,
            "memory": 1024,
            "name": "nginx-load-balancer",
            "nic": [
              {
                "computed_dns": "147.228.3.3",
                "computed_gateway": "147.228.173.1",
                "computed_ip": "147.228.173.142",
                "computed_mac": "52:54:00:17:30:8e",
                "computed_method": "",
                "computed_model": "",
                "computed_physical_device": "bond1",
                "computed_security_groups": [],
                "computed_virtio_queues": "",
                "dns": "",
                "gateway": "",
                "ip": "",
                "mac": "",
                "method": "",
                "model": "",
                "network": "vlan173",
                "network_id": 3,
                "network_mode_auto": false,
                "nic_id": 0,
                "physical_device": "",
                "sched_rank": "",
                "sched_requirements": "",
                "security_groups": null,
                "virtio_queues": ""
              }
            ],
            "on_disk_change": "swap",
            "os": [
              {
                "arch": "x86_64",
                "boot": "disk0"
              }
            ],
            "pending": false,
            "permissions": "600",
            "raw": [],
            "sched_ds_requirements": "",
            "sched_requirements": "",
            "state": 3,
            "tags": null,
            "tags_all": {},
            "template_disk": [],
            "template_id": -1,
            "template_nic": [],
            "template_section": [],
            "template_section_names": {},
            "template_tags": {},
            "timeout": 20,
            "timeouts": null,
            "uid": 486,
            "uname": "vandl",
            "vcpu": 1,
            "vmgroup": null
          },
          "sensitive_attributes": [],
          "private": "eyJlMmJmYjczMC1lY2FhLTExZTYtOGY4OC0zNDM2M2JjN2M0YzAiOnsiY3JlYXRlIjoxMjAwMDAwMDAwMDAwLCJkZWxldGUiOjEyMDAwMDAwMDAwMDAsInVwZGF0ZSI6MTIwMDAwMDAwMDAwMH19"
        }
      ]
    }
  ],
  "check_results": null
}
