{
  "version": 4,
  "terraform_version": "1.9.7",
  "serial": 26,
  "lineage": "390c9f26-7c51-7531-afc9-9339647ac76b",
  "outputs": {
    "backend_ips": {
      "value": [
        "147.228.173.184",
        "147.228.173.185",
        "147.228.173.168"
      ],
      "type": [
        "tuple",
        [
          "string",
          "string",
          "string"
        ]
      ]
    },
    "load_balancer_ip": {
      "value": "147.228.173.178",
      "type": "string"
    }
  },
  "resources": [
    {
      "mode": "managed",
      "type": "local_file",
      "name": "ansible_inventory",
      "provider": "provider[\"registry.terraform.io/hashicorp/local\"]",
      "instances": [
        {
          "schema_version": 0,
          "attributes": {
            "content": "[load-balancer]\n147.228.173.178\n\n[backend]\n147.228.173.184\n147.228.173.185\n147.228.173.168\n\n[all:vars]\nansible_user=root",
            "content_base64": null,
            "content_base64sha256": "hoZW2VgttdGWjcDoXa8pqI1m2+Cp5WeaY55iqiG8ysE=",
            "content_base64sha512": "lIVLe6HOFl7I6UxzFzyEtHe9i05H/l4sdXI9OM4HNlCOArzo32HQNuxbkeRJUBXWcyub9wnvGJ5/0zv6q3VRCA==",
            "content_md5": "ed6aaa8d2f2ddc99c8e86b70faac80a7",
            "content_sha1": "5328ac39efaf2b5214cb7c6e863d6954ef146604",
            "content_sha256": "868656d9582db5d1968dc0e85daf29a88d66dbe0a9e5679a639e62aa21bccac1",
            "content_sha512": "94854b7ba1ce165ec8e94c73173c84b477bd8b4e47fe5e2c75723d38ce0736508e02bce8df61d036ec5b91e4495015d6732b9bf709ef189e7fd33bfaab755108",
            "directory_permission": "0777",
            "file_permission": "0777",
            "filename": "ansible/inventory",
            "id": "5328ac39efaf2b5214cb7c6e863d6954ef146604",
            "sensitive_content": null,
            "source": null
          },
          "sensitive_attributes": [
            [
              {
                "type": "get_attr",
                "value": "sensitive_content"
              }
            ]
          ],
          "dependencies": [
            "opennebula_virtual_machine.backend-node",
            "opennebula_virtual_machine.load-balancer"
          ]
        }
      ]
    },
    {
      "mode": "managed",
      "type": "local_file",
      "name": "nginx_config",
      "provider": "provider[\"registry.terraform.io/hashicorp/local\"]",
      "instances": [
        {
          "schema_version": 0,
          "attributes": {
            "content": "# NGINX Load Balancer Configuration\nworker_processes 1;\n\nevents {\n    worker_connections 1024;\n}\n\nhttp {\n    upstream backend_servers {\n                server 147.228.173.184;\n                server 147.228.173.185;\n                server 147.228.173.168;\n            }\n\n    server {\n        listen 80;\n        location / {\n            proxy_pass http://backend_servers;\n        }\n    }\n}",
            "content_base64": null,
            "content_base64sha256": "yXn3wFIxmnGcGipE0oBYxRjXlgvCYoG/JUAm+trZxy8=",
            "content_base64sha512": "EQSFBu29LG9gLsXYykPn/Ce0xv6tlJQ1PqZzBVPYCRp+uIU1/g3vtUcJnL0Zi/4stacDU8XaJ3ii4HJvZfks7w==",
            "content_md5": "44881531515b8f95a457aca9c13ea40d",
            "content_sha1": "417e8b37c399d9d971b14f994ea496ac6ef25129",
            "content_sha256": "c979f7c052319a719c1a2a44d28058c518d7960bc26281bf254026fadad9c72f",
            "content_sha512": "11048506edbd2c6f602ec5d8ca43e7fc27b4c6fead9494353ea6730553d8091a7eb88535fe0defb547099cbd198bfe2cb5a70353c5da2778a2e0726f65f92cef",
            "directory_permission": "0777",
            "file_permission": "0777",
            "filename": "ansible/roles/load_balancer/templates/nginx.conf.j2",
            "id": "417e8b37c399d9d971b14f994ea496ac6ef25129",
            "sensitive_content": null,
            "source": null
          },
          "sensitive_attributes": [
            [
              {
                "type": "get_attr",
                "value": "sensitive_content"
              }
            ]
          ],
          "dependencies": [
            "opennebula_virtual_machine.backend-node"
          ]
        }
      ]
    },
    {
      "mode": "managed",
      "type": "opennebula_virtual_machine",
      "name": "backend-node",
      "provider": "provider[\"registry.terraform.io/opennebula/opennebula\"]",
      "instances": [
        {
          "index_key": 0,
          "schema_version": 0,
          "attributes": {
            "context": {
              "HOSTNAME": "$NAME",
              "NETWORK": "YES",
              "SSH_PUBLIC_KEY": "ecdsa-sha2-nistp521 AAAAE2VjZHNhLXNoYTItbmlzdHA1MjEAAAAIbmlzdHA1MjEAAACFBAE0FXwXoybNozcCBPiXNavs5YaP+uXeegZYYCnXtgjXqbTTeiWfp4gOoemm8QChXGDabYDZLw6CpKW4Q/RUOycgWgDaThj7z6J52nRPQAc6vQan1mmGRyN0DEfSx3BVe6dimZjKbuHrME7OfA3gi4KzJMJ2+u3CyS6ZrzyEXkzMQdhwnw== root@599d9fcd17b2"
            },
            "cpu": 1,
            "cpumodel": [],
            "default_tags": {},
            "description": "Backend Node",
            "disk": [
              {
                "cache": "",
                "computed_cache": "",
                "computed_dev_prefix": "sd",
                "computed_discard": "",
                "computed_driver": "raw",
                "computed_io": "",
                "computed_size": 12000,
                "computed_target": "vda",
                "computed_volatile_format": "raw",
                "dev_prefix": "",
                "discard": "",
                "disk_id": 0,
                "driver": "",
                "image_id": 687,
                "io": "",
                "size": 12000,
                "target": "vda",
                "volatile_format": "",
                "volatile_type": ""
              }
            ],
            "gid": 1,
            "gname": "users",
            "graphics": [
              {
                "keymap": "en-us",
                "listen": "0.0.0.0",
                "passwd": "",
                "port": "10737",
                "random_passwd": false,
                "type": "vnc"
              }
            ],
            "group": "users",
            "hard_shutdown": false,
            "id": "4837",
            "ip": "147.228.173.184",
            "keep_nic_order": null,
            "lcmstate": 3,
            "lock": null,
            "memory": 1024,
            "name": "backend-1",
            "nic": [
              {
                "computed_dns": "147.228.3.3",
                "computed_gateway": "147.228.173.1",
                "computed_ip": "147.228.173.184",
                "computed_mac": "52:54:00:17:30:b8",
                "computed_method": "",
                "computed_model": "",
                "computed_physical_device": "bond1",
                "computed_security_groups": [],
                "computed_virtio_queues": "",
                "dns": "",
                "gateway": "",
                "ip": "",
                "mac": "",
                "method": "",
                "model": "",
                "network": "vlan173",
                "network_id": 3,
                "network_mode_auto": false,
                "nic_id": 0,
                "physical_device": "",
                "sched_rank": "",
                "sched_requirements": "",
                "security_groups": null,
                "virtio_queues": ""
              }
            ],
            "on_disk_change": "swap",
            "os": [
              {
                "arch": "x86_64",
                "boot": "disk0"
              }
            ],
            "pending": false,
            "permissions": "600",
            "raw": [],
            "sched_ds_requirements": "",
            "sched_requirements": "",
            "state": 3,
            "tags": null,
            "tags_all": {},
            "template_disk": [],
            "template_id": -1,
            "template_nic": [],
            "template_section": [],
            "template_section_names": {},
            "template_tags": {},
            "timeout": 20,
            "timeouts": null,
            "uid": 486,
            "uname": "vandl",
            "vcpu": 1,
            "vmgroup": null
          },
          "sensitive_attributes": [],
          "private": "eyJlMmJmYjczMC1lY2FhLTExZTYtOGY4OC0zNDM2M2JjN2M0YzAiOnsiY3JlYXRlIjoxMjAwMDAwMDAwMDAwLCJkZWxldGUiOjEyMDAwMDAwMDAwMDAsInVwZGF0ZSI6MTIwMDAwMDAwMDAwMH19"
        },
        {
          "index_key": 1,
          "schema_version": 0,
          "attributes": {
            "context": {
              "HOSTNAME": "$NAME",
              "NETWORK": "YES",
              "SSH_PUBLIC_KEY": "ecdsa-sha2-nistp521 AAAAE2VjZHNhLXNoYTItbmlzdHA1MjEAAAAIbmlzdHA1MjEAAACFBAE0FXwXoybNozcCBPiXNavs5YaP+uXeegZYYCnXtgjXqbTTeiWfp4gOoemm8QChXGDabYDZLw6CpKW4Q/RUOycgWgDaThj7z6J52nRPQAc6vQan1mmGRyN0DEfSx3BVe6dimZjKbuHrME7OfA3gi4KzJMJ2+u3CyS6ZrzyEXkzMQdhwnw== root@599d9fcd17b2"
            },
            "cpu": 1,
            "cpumodel": [],
            "default_tags": {},
            "description": "Backend Node",
            "disk": [
              {
                "cache": "",
                "computed_cache": "",
                "computed_dev_prefix": "sd",
                "computed_discard": "",
                "computed_driver": "raw",
                "computed_io": "",
                "computed_size": 12000,
                "computed_target": "vda",
                "computed_volatile_format": "raw",
                "dev_prefix": "",
                "discard": "",
                "disk_id": 0,
                "driver": "",
                "image_id": 687,
                "io": "",
                "size": 12000,
                "target": "vda",
                "volatile_format": "",
                "volatile_type": ""
              }
            ],
            "gid": 1,
            "gname": "users",
            "graphics": [
              {
                "keymap": "en-us",
                "listen": "0.0.0.0",
                "passwd": "",
                "port": "10738",
                "random_passwd": false,
                "type": "vnc"
              }
            ],
            "group": "users",
            "hard_shutdown": false,
            "id": "4838",
            "ip": "147.228.173.185",
            "keep_nic_order": null,
            "lcmstate": 3,
            "lock": null,
            "memory": 1024,
            "name": "backend-2",
            "nic": [
              {
                "computed_dns": "147.228.3.3",
                "computed_gateway": "147.228.173.1",
                "computed_ip": "147.228.173.185",
                "computed_mac": "52:54:00:17:30:b9",
                "computed_method": "",
                "computed_model": "",
                "computed_physical_device": "bond1",
                "computed_security_groups": [],
                "computed_virtio_queues": "",
                "dns": "",
                "gateway": "",
                "ip": "",
                "mac": "",
                "method": "",
                "model": "",
                "network": "vlan173",
                "network_id": 3,
                "network_mode_auto": false,
                "nic_id": 0,
                "physical_device": "",
                "sched_rank": "",
                "sched_requirements": "",
                "security_groups": null,
                "virtio_queues": ""
              }
            ],
            "on_disk_change": "swap",
            "os": [
              {
                "arch": "x86_64",
                "boot": "disk0"
              }
            ],
            "pending": false,
            "permissions": "600",
            "raw": [],
            "sched_ds_requirements": "",
            "sched_requirements": "",
            "state": 3,
            "tags": null,
            "tags_all": {},
            "template_disk": [],
            "template_id": -1,
            "template_nic": [],
            "template_section": [],
            "template_section_names": {},
            "template_tags": {},
            "timeout": 20,
            "timeouts": null,
            "uid": 486,
            "uname": "vandl",
            "vcpu": 1,
            "vmgroup": null
          },
          "sensitive_attributes": [],
          "private": "eyJlMmJmYjczMC1lY2FhLTExZTYtOGY4OC0zNDM2M2JjN2M0YzAiOnsiY3JlYXRlIjoxMjAwMDAwMDAwMDAwLCJkZWxldGUiOjEyMDAwMDAwMDAwMDAsInVwZGF0ZSI6MTIwMDAwMDAwMDAwMH19"
        },
        {
          "index_key": 2,
          "schema_version": 0,
          "attributes": {
            "context": {
              "HOSTNAME": "$NAME",
              "NETWORK": "YES",
              "SSH_PUBLIC_KEY": "ecdsa-sha2-nistp521 AAAAE2VjZHNhLXNoYTItbmlzdHA1MjEAAAAIbmlzdHA1MjEAAACFBAE0FXwXoybNozcCBPiXNavs5YaP+uXeegZYYCnXtgjXqbTTeiWfp4gOoemm8QChXGDabYDZLw6CpKW4Q/RUOycgWgDaThj7z6J52nRPQAc6vQan1mmGRyN0DEfSx3BVe6dimZjKbuHrME7OfA3gi4KzJMJ2+u3CyS6ZrzyEXkzMQdhwnw== root@599d9fcd17b2"
            },
            "cpu": 1,
            "cpumodel": [],
            "default_tags": {},
            "description": "Backend Node",
            "disk": [
              {
                "cache": "",
                "computed_cache": "",
                "computed_dev_prefix": "sd",
                "computed_discard": "",
                "computed_driver": "raw",
                "computed_io": "",
                "computed_size": 12000,
                "computed_target": "vda",
                "computed_volatile_format": "raw",
                "dev_prefix": "",
                "discard": "",
                "disk_id": 0,
                "driver": "",
                "image_id": 687,
                "io": "",
                "size": 12000,
                "target": "vda",
                "volatile_format": "",
                "volatile_type": ""
              }
            ],
            "gid": 1,
            "gname": "users",
            "graphics": [
              {
                "keymap": "en-us",
                "listen": "0.0.0.0",
                "passwd": "",
                "port": "10735",
                "random_passwd": false,
                "type": "vnc"
              }
            ],
            "group": "users",
            "hard_shutdown": false,
            "id": "4835",
            "ip": "147.228.173.168",
            "keep_nic_order": null,
            "lcmstate": 3,
            "lock": null,
            "memory": 1024,
            "name": "backend-3",
            "nic": [
              {
                "computed_dns": "147.228.3.3",
                "computed_gateway": "147.228.173.1",
                "computed_ip": "147.228.173.168",
                "computed_mac": "52:54:00:17:30:a8",
                "computed_method": "",
                "computed_model": "",
                "computed_physical_device": "bond1",
                "computed_security_groups": [],
                "computed_virtio_queues": "",
                "dns": "",
                "gateway": "",
                "ip": "",
                "mac": "",
                "method": "",
                "model": "",
                "network": "vlan173",
                "network_id": 3,
                "network_mode_auto": false,
                "nic_id": 0,
                "physical_device": "",
                "sched_rank": "",
                "sched_requirements": "",
                "security_groups": null,
                "virtio_queues": ""
              }
            ],
            "on_disk_change": "swap",
            "os": [
              {
                "arch": "x86_64",
                "boot": "disk0"
              }
            ],
            "pending": false,
            "permissions": "600",
            "raw": [],
            "sched_ds_requirements": "",
            "sched_requirements": "",
            "state": 3,
            "tags": null,
            "tags_all": {},
            "template_disk": [],
            "template_id": -1,
            "template_nic": [],
            "template_section": [],
            "template_section_names": {},
            "template_tags": {},
            "timeout": 20,
            "timeouts": null,
            "uid": 486,
            "uname": "vandl",
            "vcpu": 1,
            "vmgroup": null
          },
          "sensitive_attributes": [],
          "private": "eyJlMmJmYjczMC1lY2FhLTExZTYtOGY4OC0zNDM2M2JjN2M0YzAiOnsiY3JlYXRlIjoxMjAwMDAwMDAwMDAwLCJkZWxldGUiOjEyMDAwMDAwMDAwMDAsInVwZGF0ZSI6MTIwMDAwMDAwMDAwMH19"
        }
      ]
    },
    {
      "mode": "managed",
      "type": "opennebula_virtual_machine",
      "name": "load-balancer",
      "provider": "provider[\"registry.terraform.io/opennebula/opennebula\"]",
      "instances": [
        {
          "schema_version": 0,
          "attributes": {
            "context": {
              "HOSTNAME": "$NAME",
              "NETWORK": "YES",
              "SSH_PUBLIC_KEY": "ecdsa-sha2-nistp521 AAAAE2VjZHNhLXNoYTItbmlzdHA1MjEAAAAIbmlzdHA1MjEAAACFBAE0FXwXoybNozcCBPiXNavs5YaP+uXeegZYYCnXtgjXqbTTeiWfp4gOoemm8QChXGDabYDZLw6CpKW4Q/RUOycgWgDaThj7z6J52nRPQAc6vQan1mmGRyN0DEfSx3BVe6dimZjKbuHrME7OfA3gi4KzJMJ2+u3CyS6ZrzyEXkzMQdhwnw== root@599d9fcd17b2"
            },
            "cpu": 1,
            "cpumodel": [],
            "default_tags": {},
            "description": "NGINX Load Balancer",
            "disk": [
              {
                "cache": "",
                "computed_cache": "",
                "computed_dev_prefix": "sd",
                "computed_discard": "",
                "computed_driver": "raw",
                "computed_io": "",
                "computed_size": 12000,
                "computed_target": "vda",
                "computed_volatile_format": "raw",
                "dev_prefix": "",
                "discard": "",
                "disk_id": 0,
                "driver": "",
                "image_id": 687,
                "io": "",
                "size": 12000,
                "target": "vda",
                "volatile_format": "",
                "volatile_type": ""
              }
            ],
            "gid": 1,
            "gname": "users",
            "graphics": [],
            "group": "users",
            "hard_shutdown": false,
            "id": "4836",
            "ip": "147.228.173.178",
            "keep_nic_order": null,
            "lcmstate": 3,
            "lock": null,
            "memory": 1024,
            "name": "nginx-load-balancer",
            "nic": [
              {
                "computed_dns": "147.228.3.3",
                "computed_gateway": "147.228.173.1",
                "computed_ip": "147.228.173.178",
                "computed_mac": "52:54:00:17:30:b2",
                "computed_method": "",
                "computed_model": "",
                "computed_physical_device": "bond1",
                "computed_security_groups": [],
                "computed_virtio_queues": "",
                "dns": "",
                "gateway": "",
                "ip": "",
                "mac": "",
                "method": "",
                "model": "",
                "network": "vlan173",
                "network_id": 3,
                "network_mode_auto": false,
                "nic_id": 0,
                "physical_device": "",
                "sched_rank": "",
                "sched_requirements": "",
                "security_groups": null,
                "virtio_queues": ""
              }
            ],
            "on_disk_change": "swap",
            "os": [
              {
                "arch": "x86_64",
                "boot": "disk0"
              }
            ],
            "pending": false,
            "permissions": "600",
            "raw": [],
            "sched_ds_requirements": "",
            "sched_requirements": "",
            "state": 3,
            "tags": null,
            "tags_all": {},
            "template_disk": [],
            "template_id": -1,
            "template_nic": [],
            "template_section": [],
            "template_section_names": {},
            "template_tags": {},
            "timeout": 20,
            "timeouts": null,
            "uid": 486,
            "uname": "vandl",
            "vcpu": 1,
            "vmgroup": null
          },
          "sensitive_attributes": [],
          "private": "eyJlMmJmYjczMC1lY2FhLTExZTYtOGY4OC0zNDM2M2JjN2M0YzAiOnsiY3JlYXRlIjoxMjAwMDAwMDAwMDAwLCJkZWxldGUiOjEyMDAwMDAwMDAwMDAsInVwZGF0ZSI6MTIwMDAwMDAwMDAwMH19"
        }
      ]
    }
  ],
  "check_results": null
}
