{
  "version": 4,
  "terraform_version": "1.9.8",
  "serial": 19,
  "lineage": "36bd2cbc-00e8-b825-aca5-2d749bb01ebc",
  "outputs": {
    "vm_ips": {
      "value": "147.228.173.172",
      "type": "string"
    }
  },
  "resources": [
    {
      "mode": "managed",
      "type": "opennebula_image",
      "name": "os-image",
      "provider": "provider[\"registry.terraform.io/opennebula/opennebula\"]",
      "instances": [
        {
          "schema_version": 0,
          "attributes": {
            "clone_from_image": null,
            "datastore_id": 101,
            "default_tags": {},
            "description": null,
            "dev_prefix": "sd",
            "driver": null,
            "format": null,
            "gid": 1,
            "gname": "users",
            "group": null,
            "id": "759",
            "lock": null,
            "name": "Ubuntu Minimal 24.04",
            "path": "https://marketplace.opennebula.io//appliance/44077b30-f431-013c-b66a-7875a4a4f528/download/0",
            "permissions": "600",
            "persistent": false,
            "size": null,
            "tags": null,
            "tags_all": {},
            "target": null,
            "template_section": [],
            "timeout": 20,
            "timeouts": null,
            "type": null,
            "uid": 486,
            "uname": "vandl"
          },
          "sensitive_attributes": [],
          "private": "eyJlMmJmYjczMC1lY2FhLTExZTYtOGY4OC0zNDM2M2JjN2M0YzAiOnsiY3JlYXRlIjoxMjAwMDAwMDAwMDAwLCJkZWxldGUiOjEyMDAwMDAwMDAwMDB9fQ=="
        }
      ]
    },
    {
      "mode": "managed",
      "type": "opennebula_virtual_machine",
      "name": "vmnode-1",
      "provider": "provider[\"registry.terraform.io/opennebula/opennebula\"]",
      "instances": [
        {
          "schema_version": 0,
          "attributes": {
            "context": {
              "HOSTNAME": "$NAME",
              "NETWORK": "YES",
              "SSH_PUBLIC_KEY": "ecdsa-sha2-nistp521 AAAAE2VjZHNhLXNoYTItbmlzdHA1MjEAAAAIbmlzdHA1MjEAAACFBABfQJIhqxaahzznDkHKnWBYPnXkSYo3/uLcTYBpMzE3j4xvYlDOG/dUw7nHHYytuzcQ885VZrg8eJvf2/I84bGZ2QDHrH2/WV45qReBqRGoKmFPgYZwHmWa9bU4Rv0QYxGW6Io2f58GPH/w7VjcMu+K3xP91Im7XtjFQzRkr/3hsLrJTw== root@238ba4651c22",
              "START_SCRIPT": "echo 'Byl jsem tady.' \u003e\u003e /etc/my-message"
            },
            "cpu": 1,
            "cpumodel": [],
            "default_tags": {},
            "description": "Main node VM",
            "disk": [
              {
                "cache": "",
                "computed_cache": "",
                "computed_dev_prefix": "sd",
                "computed_discard": "",
                "computed_driver": "raw",
                "computed_io": "",
                "computed_size": 12000,
                "computed_target": "vda",
                "computed_volatile_format": "raw",
                "dev_prefix": "",
                "discard": "",
                "disk_id": 0,
                "driver": "",
                "image_id": 759,
                "io": "",
                "size": 12000,
                "target": "vda",
                "volatile_format": "",
                "volatile_type": ""
              }
            ],
            "gid": 1,
            "gname": "users",
            "graphics": [
              {
                "keymap": "en-us",
                "listen": "0.0.0.0",
                "passwd": "",
                "port": "10388",
                "random_passwd": false,
                "type": "vnc"
              }
            ],
            "group": "users",
            "hard_shutdown": false,
            "id": "4488",
            "ip": "147.228.173.172",
            "keep_nic_order": null,
            "lcmstate": 3,
            "lock": null,
            "memory": 2048,
            "name": "vmnode-1",
            "nic": [
              {
                "computed_dns": "147.228.3.3",
                "computed_gateway": "147.228.173.1",
                "computed_ip": "147.228.173.172",
                "computed_mac": "52:54:00:17:30:ac",
                "computed_method": "",
                "computed_model": "",
                "computed_physical_device": "bond1",
                "computed_security_groups": [],
                "computed_virtio_queues": "",
                "dns": "",
                "gateway": "",
                "ip": "",
                "mac": "",
                "method": "",
                "model": "",
                "network": "vlan173",
                "network_id": 3,
                "network_mode_auto": false,
                "nic_id": 0,
                "physical_device": "",
                "sched_rank": "",
                "sched_requirements": "",
                "security_groups": null,
                "virtio_queues": ""
              }
            ],
            "on_disk_change": "swap",
            "os": [
              {
                "arch": "x86_64",
                "boot": "disk0"
              }
            ],
            "pending": false,
            "permissions": "600",
            "raw": [],
            "sched_ds_requirements": "",
            "sched_requirements": "",
            "state": 3,
            "tags": null,
            "tags_all": {},
            "template_disk": [],
            "template_id": -1,
            "template_nic": [],
            "template_section": [],
            "template_section_names": {},
            "template_tags": {},
            "timeout": 20,
            "timeouts": null,
            "uid": 486,
            "uname": "vandl",
            "vcpu": 1,
            "vmgroup": null
          },
          "sensitive_attributes": [],
          "private": "eyJlMmJmYjczMC1lY2FhLTExZTYtOGY4OC0zNDM2M2JjN2M0YzAiOnsiY3JlYXRlIjoxMjAwMDAwMDAwMDAwLCJkZWxldGUiOjEyMDAwMDAwMDAwMDAsInVwZGF0ZSI6MTIwMDAwMDAwMDAwMH19",
          "dependencies": [
            "opennebula_image.os-image"
          ]
        }
      ]
    }
  ],
  "check_results": null
}
